// !$*UTF8*$!
{
	archiveVersion = 1;
	classes = {
	};
	objectVersion = 50;
	objects = {

/* Begin PBXBuildFile section */
		B260231C20B61F2600322CEA /* AppDelegate.swift in Sources */ = {isa = PBXBuildFile; fileRef = B260231B20B61F2600322CEA /* AppDelegate.swift */; };
		B260231E20B61F2600322CEA /* ViewController.swift in Sources */ = {isa = PBXBuildFile; fileRef = B260231D20B61F2600322CEA /* ViewController.swift */; };
		B260232120B61F2600322CEA /* Main.storyboard in Resources */ = {isa = PBXBuildFile; fileRef = B260231F20B61F2600322CEA /* Main.storyboard */; };
		B260232320B61F2700322CEA /* Assets.xcassets in Resources */ = {isa = PBXBuildFile; fileRef = B260232220B61F2700322CEA /* Assets.xcassets */; };
		B260232620B61F2700322CEA /* LaunchScreen.storyboard in Resources */ = {isa = PBXBuildFile; fileRef = B260232420B61F2700322CEA /* LaunchScreen.storyboard */; };
		B260233E20B61F7B00322CEA /* YQL.m in Sources */ = {isa = PBXBuildFile; fileRef = B260233D20B61F7B00322CEA /* YQL.m */; };
		B260234020B61FED00322CEA /* YahooQueryHandler.swift in Sources */ = {isa = PBXBuildFile; fileRef = B260233F20B61FED00322CEA /* YahooQueryHandler.swift */; };
		B260234320BA124900322CEA /* Weather.swift in Sources */ = {isa = PBXBuildFile; fileRef = B260234220BA124900322CEA /* Weather.swift */; };
		B260234720BAC6DD00322CEA /* ViewControllerTests.swift in Sources */ = {isa = PBXBuildFile; fileRef = B260234620BAC6DD00322CEA /* ViewControllerTests.swift */; };
		B260234920BAC92700322CEA /* YahooQueryHandlerMock.swift in Sources */ = {isa = PBXBuildFile; fileRef = B260234820BAC92700322CEA /* YahooQueryHandlerMock.swift */; };
/* End PBXBuildFile section */

/* Begin PBXContainerItemProxy section */
		B260232D20B61F2700322CEA /* PBXContainerItemProxy */ = {
			isa = PBXContainerItemProxy;
			containerPortal = B260231020B61F2500322CEA /* Project object */;
			proxyType = 1;
			remoteGlobalIDString = B260231720B61F2500322CEA;
			remoteInfo = "Yahoo Weather";
		};
/* End PBXContainerItemProxy section */

/* Begin PBXFileReference section */
		B260231820B61F2500322CEA /* Yahoo Weather.app */ = {isa = PBXFileReference; explicitFileType = wrapper.application; includeInIndex = 0; path = "Yahoo Weather.app"; sourceTree = BUILT_PRODUCTS_DIR; };
		B260231B20B61F2600322CEA /* AppDelegate.swift */ = {isa = PBXFileReference; lastKnownFileType = sourcecode.swift; path = AppDelegate.swift; sourceTree = "<group>"; };
		B260231D20B61F2600322CEA /* ViewController.swift */ = {isa = PBXFileReference; lastKnownFileType = sourcecode.swift; path = ViewController.swift; sourceTree = "<group>"; };
		B260232020B61F2600322CEA /* Base */ = {isa = PBXFileReference; lastKnownFileType = file.storyboard; name = Base; path = Base.lproj/Main.storyboard; sourceTree = "<group>"; };
		B260232220B61F2700322CEA /* Assets.xcassets */ = {isa = PBXFileReference; lastKnownFileType = folder.assetcatalog; path = Assets.xcassets; sourceTree = "<group>"; };
		B260232520B61F2700322CEA /* Base */ = {isa = PBXFileReference; lastKnownFileType = file.storyboard; name = Base; path = Base.lproj/LaunchScreen.storyboard; sourceTree = "<group>"; };
		B260232720B61F2700322CEA /* Info.plist */ = {isa = PBXFileReference; lastKnownFileType = text.plist.xml; path = Info.plist; sourceTree = "<group>"; };
		B260232C20B61F2700322CEA /* Yahoo WeatherTests.xctest */ = {isa = PBXFileReference; explicitFileType = wrapper.cfbundle; includeInIndex = 0; path = "Yahoo WeatherTests.xctest"; sourceTree = BUILT_PRODUCTS_DIR; };
		B260233220B61F2700322CEA /* Info.plist */ = {isa = PBXFileReference; lastKnownFileType = text.plist.xml; path = Info.plist; sourceTree = "<group>"; };
		B260233B20B61F7A00322CEA /* Yahoo Weather-Bridging-Header.h */ = {isa = PBXFileReference; lastKnownFileType = sourcecode.c.h; path = "Yahoo Weather-Bridging-Header.h"; sourceTree = "<group>"; };
		B260233C20B61F7B00322CEA /* YQL.h */ = {isa = PBXFileReference; fileEncoding = 4; lastKnownFileType = sourcecode.c.h; path = YQL.h; sourceTree = "<group>"; };
		B260233D20B61F7B00322CEA /* YQL.m */ = {isa = PBXFileReference; fileEncoding = 4; lastKnownFileType = sourcecode.c.objc; path = YQL.m; sourceTree = "<group>"; };
		B260233F20B61FED00322CEA /* YahooQueryHandler.swift */ = {isa = PBXFileReference; lastKnownFileType = sourcecode.swift; path = YahooQueryHandler.swift; sourceTree = "<group>"; };
		B260234220BA124900322CEA /* Weather.swift */ = {isa = PBXFileReference; lastKnownFileType = sourcecode.swift; path = Weather.swift; sourceTree = "<group>"; };
		B260234620BAC6DD00322CEA /* ViewControllerTests.swift */ = {isa = PBXFileReference; lastKnownFileType = sourcecode.swift; path = ViewControllerTests.swift; sourceTree = "<group>"; };
		B260234820BAC92700322CEA /* YahooQueryHandlerMock.swift */ = {isa = PBXFileReference; lastKnownFileType = sourcecode.swift; path = YahooQueryHandlerMock.swift; sourceTree = "<group>"; };
/* End PBXFileReference section */

/* Begin PBXFrameworksBuildPhase section */
		B260231520B61F2500322CEA /* Frameworks */ = {
			isa = PBXFrameworksBuildPhase;
			buildActionMask = 2147483647;
			files = (
			);
			runOnlyForDeploymentPostprocessing = 0;
		};
		B260232920B61F2700322CEA /* Frameworks */ = {
			isa = PBXFrameworksBuildPhase;
			buildActionMask = 2147483647;
			files = (
			);
			runOnlyForDeploymentPostprocessing = 0;
		};
/* End PBXFrameworksBuildPhase section */

/* Begin PBXGroup section */
		B260230F20B61F2500322CEA = {
			isa = PBXGroup;
			children = (
				B260231A20B61F2500322CEA /* Yahoo Weather */,
				B260232F20B61F2700322CEA /* Yahoo WeatherTests */,
				B260231920B61F2500322CEA /* Products */,
			);
			sourceTree = "<group>";
		};
		B260231920B61F2500322CEA /* Products */ = {
			isa = PBXGroup;
			children = (
				B260231820B61F2500322CEA /* Yahoo Weather.app */,
				B260232C20B61F2700322CEA /* Yahoo WeatherTests.xctest */,
			);
			name = Products;
			sourceTree = "<group>";
		};
		B260231A20B61F2500322CEA /* Yahoo Weather */ = {
			isa = PBXGroup;
			children = (
				B260231B20B61F2600322CEA /* AppDelegate.swift */,
				B260231D20B61F2600322CEA /* ViewController.swift */,
				B260233F20B61FED00322CEA /* YahooQueryHandler.swift */,
				B260234220BA124900322CEA /* Weather.swift */,
				B260234120B6C5F500322CEA /* ExternalDependencies */,
				B260231F20B61F2600322CEA /* Main.storyboard */,
				B260232220B61F2700322CEA /* Assets.xcassets */,
				B260232420B61F2700322CEA /* LaunchScreen.storyboard */,
				B260232720B61F2700322CEA /* Info.plist */,
				B260233B20B61F7A00322CEA /* Yahoo Weather-Bridging-Header.h */,
			);
			path = "Yahoo Weather";
			sourceTree = "<group>";
		};
		B260232F20B61F2700322CEA /* Yahoo WeatherTests */ = {
			isa = PBXGroup;
			children = (
				B260234620BAC6DD00322CEA /* ViewControllerTests.swift */,
				B260234820BAC92700322CEA /* YahooQueryHandlerMock.swift */,
				B260233220B61F2700322CEA /* Info.plist */,
			);
			path = "Yahoo WeatherTests";
			sourceTree = "<group>";
		};
		B260234120B6C5F500322CEA /* ExternalDependencies */ = {
			isa = PBXGroup;
			children = (
				B260233C20B61F7B00322CEA /* YQL.h */,
				B260233D20B61F7B00322CEA /* YQL.m */,
			);
			path = ExternalDependencies;
			sourceTree = "<group>";
		};
/* End PBXGroup section */

/* Begin PBXNativeTarget section */
		B260231720B61F2500322CEA /* Yahoo Weather */ = {
			isa = PBXNativeTarget;
			buildConfigurationList = B260233520B61F2700322CEA /* Build configuration list for PBXNativeTarget "Yahoo Weather" */;
			buildPhases = (
				B260231420B61F2500322CEA /* Sources */,
				B260231520B61F2500322CEA /* Frameworks */,
				B260231620B61F2500322CEA /* Resources */,
			);
			buildRules = (
			);
			dependencies = (
			);
			name = "Yahoo Weather";
			productName = "Yahoo Weather";
			productReference = B260231820B61F2500322CEA /* Yahoo Weather.app */;
			productType = "com.apple.product-type.application";
		};
		B260232B20B61F2700322CEA /* Yahoo WeatherTests */ = {
			isa = PBXNativeTarget;
			buildConfigurationList = B260233820B61F2800322CEA /* Build configuration list for PBXNativeTarget "Yahoo WeatherTests" */;
			buildPhases = (
				B260232820B61F2700322CEA /* Sources */,
				B260232920B61F2700322CEA /* Frameworks */,
				B260232A20B61F2700322CEA /* Resources */,
			);
			buildRules = (
			);
			dependencies = (
				B260232E20B61F2700322CEA /* PBXTargetDependency */,
			);
			name = "Yahoo WeatherTests";
			productName = "Yahoo WeatherTests";
			productReference = B260232C20B61F2700322CEA /* Yahoo WeatherTests.xctest */;
			productType = "com.apple.product-type.bundle.unit-test";
		};
/* End PBXNativeTarget section */

/* Begin PBXProject section */
		B260231020B61F2500322CEA /* Project object */ = {
			isa = PBXProject;
			attributes = {
				LastSwiftUpdateCheck = 0930;
				LastUpgradeCheck = 0930;
				ORGANIZATIONNAME = Luis;
				TargetAttributes = {
					B260231720B61F2500322CEA = {
						CreatedOnToolsVersion = 9.3.1;
						LastSwiftMigration = 0930;
					};
					B260232B20B61F2700322CEA = {
						CreatedOnToolsVersion = 9.3.1;
						TestTargetID = B260231720B61F2500322CEA;
					};
				};
			};
			buildConfigurationList = B260231320B61F2500322CEA /* Build configuration list for PBXProject "Yahoo Weather" */;
			compatibilityVersion = "Xcode 9.3";
			developmentRegion = en;
			hasScannedForEncodings = 0;
			knownRegions = (
				en,
				Base,
			);
			mainGroup = B260230F20B61F2500322CEA;
			productRefGroup = B260231920B61F2500322CEA /* Products */;
			projectDirPath = "";
			projectRoot = "";
			targets = (
				B260231720B61F2500322CEA /* Yahoo Weather */,
				B260232B20B61F2700322CEA /* Yahoo WeatherTests */,
			);
		};
/* End PBXProject section */

/* Begin PBXResourcesBuildPhase section */
		B260231620B61F2500322CEA /* Resources */ = {
			isa = PBXResourcesBuildPhase;
			buildActionMask = 2147483647;
			files = (
				B260232620B61F2700322CEA /* LaunchScreen.storyboard in Resources */,
				B260232320B61F2700322CEA /* Assets.xcassets in Resources */,
				B260232120B61F2600322CEA /* Main.storyboard in Resources */,
			);
			runOnlyForDeploymentPostprocessing = 0;
		};
		B260232A20B61F2700322CEA /* Resources */ = {
			isa = PBXResourcesBuildPhase;
			buildActionMask = 2147483647;
			files = (
			);
			runOnlyForDeploymentPostprocessing = 0;
		};
/* End PBXResourcesBuildPhase section */

/* Begin PBXSourcesBuildPhase section */
		B260231420B61F2500322CEA /* Sources */ = {
			isa = PBXSourcesBuildPhase;
			buildActionMask = 2147483647;
			files = (
				B260233E20B61F7B00322CEA /* YQL.m in Sources */,
				B260231E20B61F2600322CEA /* ViewController.swift in Sources */,
				B260234020B61FED00322CEA /* YahooQueryHandler.swift in Sources */,
				B260231C20B61F2600322CEA /* AppDelegate.swift in Sources */,
				B260234320BA124900322CEA /* Weather.swift in Sources */,
			);
			runOnlyForDeploymentPostprocessing = 0;
		};
		B260232820B61F2700322CEA /* Sources */ = {
			isa = PBXSourcesBuildPhase;
			buildActionMask = 2147483647;
			files = (
				B260234920BAC92700322CEA /* YahooQueryHandlerMock.swift in Sources */,
				B260234720BAC6DD00322CEA /* ViewControllerTests.swift in Sources */,
			);
			runOnlyForDeploymentPostprocessing = 0;
		};
/* End PBXSourcesBuildPhase section */

/* Begin PBXTargetDependency section */
		B260232E20B61F2700322CEA /* PBXTargetDependency */ = {
			isa = PBXTargetDependency;
			target = B260231720B61F2500322CEA /* Yahoo Weather */;
			targetProxy = B260232D20B61F2700322CEA /* PBXContainerItemProxy */;
		};
/* End PBXTargetDependency section */

/* Begin PBXVariantGroup section */
		B260231F20B61F2600322CEA /* Main.storyboard */ = {
			isa = PBXVariantGroup;
			children = (
				B260232020B61F2600322CEA /* Base */,
			);
			name = Main.storyboard;
			sourceTree = "<group>";
		};
		B260232420B61F2700322CEA /* LaunchScreen.storyboard */ = {
			isa = PBXVariantGroup;
			children = (
				B260232520B61F2700322CEA /* Base */,
			);
			name = LaunchScreen.storyboard;
			sourceTree = "<group>";
		};
/* End PBXVariantGroup section */

/* Begin XCBuildConfiguration section */
		B260233320B61F2700322CEA /* Debug */ = {
			isa = XCBuildConfiguration;
			buildSettings = {
				ALWAYS_SEARCH_USER_PATHS = NO;
				CLANG_ANALYZER_NONNULL = YES;
				CLANG_ANALYZER_NUMBER_OBJECT_CONVERSION = YES_AGGRESSIVE;
				CLANG_CXX_LANGUAGE_STANDARD = "gnu++14";
				CLANG_CXX_LIBRARY = "libc++";
				CLANG_ENABLE_MODULES = YES;
				CLANG_ENABLE_OBJC_ARC = YES;
				CLANG_ENABLE_OBJC_WEAK = YES;
				CLANG_WARN_BLOCK_CAPTURE_AUTORELEASING = YES;
				CLANG_WARN_BOOL_CONVERSION = YES;
				CLANG_WARN_COMMA = YES;
				CLANG_WARN_CONSTANT_CONVERSION = YES;
				CLANG_WARN_DEPRECATED_OBJC_IMPLEMENTATIONS = YES;
				CLANG_WARN_DIRECT_OBJC_ISA_USAGE = YES_ERROR;
				CLANG_WARN_DOCUMENTATION_COMMENTS = YES;
				CLANG_WARN_EMPTY_BODY = YES;
				CLANG_WARN_ENUM_CONVERSION = YES;
				CLANG_WARN_INFINITE_RECURSION = YES;
				CLANG_WARN_INT_CONVERSION = YES;
				CLANG_WARN_NON_LITERAL_NULL_CONVERSION = YES;
				CLANG_WARN_OBJC_IMPLICIT_RETAIN_SELF = YES;
				CLANG_WARN_OBJC_LITERAL_CONVERSION = YES;
				CLANG_WARN_OBJC_ROOT_CLASS = YES_ERROR;
				CLANG_WARN_RANGE_LOOP_ANALYSIS = YES;
				CLANG_WARN_STRICT_PROTOTYPES = YES;
				CLANG_WARN_SUSPICIOUS_MOVE = YES;
				CLANG_WARN_UNGUARDED_AVAILABILITY = YES_AGGRESSIVE;
				CLANG_WARN_UNREACHABLE_CODE = YES;
				CLANG_WARN__DUPLICATE_METHOD_MATCH = YES;
				CODE_SIGN_IDENTITY = "iPhone Developer";
				COPY_PHASE_STRIP = NO;
				DEBUG_INFORMATION_FORMAT = dwarf;
				ENABLE_STRICT_OBJC_MSGSEND = YES;
				ENABLE_TESTABILITY = YES;
				GCC_C_LANGUAGE_STANDARD = gnu11;
				GCC_DYNAMIC_NO_PIC = NO;
				GCC_NO_COMMON_BLOCKS = YES;
				GCC_OPTIMIZATION_LEVEL = 0;
				GCC_PREPROCESSOR_DEFINITIONS = (
					"DEBUG=1",
					"$(inherited)",
				);
				GCC_WARN_64_TO_32_BIT_CONVERSION = YES;
				GCC_WARN_ABOUT_RETURN_TYPE = YES_ERROR;
				GCC_WARN_UNDECLARED_SELECTOR = YES;
				GCC_WARN_UNINITIALIZED_AUTOS = YES_AGGRESSIVE;
				GCC_WARN_UNUSED_FUNCTION = YES;
				GCC_WARN_UNUSED_VARIABLE = YES;
				IPHONEOS_DEPLOYMENT_TARGET = 11.3;
				MTL_ENABLE_DEBUG_INFO = YES;
				ONLY_ACTIVE_ARCH = YES;
				SDKROOT = iphoneos;
				SWIFT_ACTIVE_COMPILATION_CONDITIONS = DEBUG;
				SWIFT_OPTIMIZATION_LEVEL = "-Onone";
			};
			name = Debug;
		};
		B260233420B61F2700322CEA /* Release */ = {
			isa = XCBuildConfiguration;
			buildSettings = {
				ALWAYS_SEARCH_USER_PATHS = NO;
				CLANG_ANALYZER_NONNULL = YES;
				CLANG_ANALYZER_NUMBER_OBJECT_CONVERSION = YES_AGGRESSIVE;
				CLANG_CXX_LANGUAGE_STANDARD = "gnu++14";
				CLANG_CXX_LIBRARY = "libc++";
				CLANG_ENABLE_MODULES = YES;
				CLANG_ENABLE_OBJC_ARC = YES;
				CLANG_ENABLE_OBJC_WEAK = YES;
				CLANG_WARN_BLOCK_CAPTURE_AUTORELEASING = YES;
				CLANG_WARN_BOOL_CONVERSION = YES;
				CLANG_WARN_COMMA = YES;
				CLANG_WARN_CONSTANT_CONVERSION = YES;
				CLANG_WARN_DEPRECATED_OBJC_IMPLEMENTATIONS = YES;
				CLANG_WARN_DIRECT_OBJC_ISA_USAGE = YES_ERROR;
				CLANG_WARN_DOCUMENTATION_COMMENTS = YES;
				CLANG_WARN_EMPTY_BODY = YES;
				CLANG_WARN_ENUM_CONVERSION = YES;
				CLANG_WARN_INFINITE_RECURSION = YES;
				CLANG_WARN_INT_CONVERSION = YES;
				CLANG_WARN_NON_LITERAL_NULL_CONVERSION = YES;
				CLANG_WARN_OBJC_IMPLICIT_RETAIN_SELF = YES;
				CLANG_WARN_OBJC_LITERAL_CONVERSION = YES;
				CLANG_WARN_OBJC_ROOT_CLASS = YES_ERROR;
				CLANG_WARN_RANGE_LOOP_ANALYSIS = YES;
				CLANG_WARN_STRICT_PROTOTYPES = YES;
				CLANG_WARN_SUSPICIOUS_MOVE = YES;
				CLANG_WARN_UNGUARDED_AVAILABILITY = YES_AGGRESSIVE;
				CLANG_WARN_UNREACHABLE_CODE = YES;
				CLANG_WARN__DUPLICATE_METHOD_MATCH = YES;
				CODE_SIGN_IDENTITY = "iPhone Developer";
				COPY_PHASE_STRIP = NO;
				DEBUG_INFORMATION_FORMAT = "dwarf-with-dsym";
				ENABLE_NS_ASSERTIONS = NO;
				ENABLE_STRICT_OBJC_MSGSEND = YES;
				GCC_C_LANGUAGE_STANDARD = gnu11;
				GCC_NO_COMMON_BLOCKS = YES;
				GCC_WARN_64_TO_32_BIT_CONVERSION = YES;
				GCC_WARN_ABOUT_RETURN_TYPE = YES_ERROR;
				GCC_WARN_UNDECLARED_SELECTOR = YES;
				GCC_WARN_UNINITIALIZED_AUTOS = YES_AGGRESSIVE;
				GCC_WARN_UNUSED_FUNCTION = YES;
				GCC_WARN_UNUSED_VARIABLE = YES;
				IPHONEOS_DEPLOYMENT_TARGET = 11.3;
				MTL_ENABLE_DEBUG_INFO = NO;
				SDKROOT = iphoneos;
				SWIFT_COMPILATION_MODE = wholemodule;
				SWIFT_OPTIMIZATION_LEVEL = "-O";
				VALIDATE_PRODUCT = YES;
			};
			name = Release;
		};
		B260233620B61F2700322CEA /* Debug */ = {
			isa = XCBuildConfiguration;
			buildSettings = {
				ASSETCATALOG_COMPILER_APPICON_NAME = AppIcon;
				CLANG_ENABLE_MODULES = YES;
				CODE_SIGN_STYLE = Automatic;
				INFOPLIST_FILE = "Yahoo Weather/Info.plist";
				LD_RUNPATH_SEARCH_PATHS = (
					"$(inherited)",
					"@executable_path/Frameworks",
				);
				PRODUCT_BUNDLE_IDENTIFIER = "pt.luis.Yahoo-Weather";
				PRODUCT_NAME = "$(TARGET_NAME)";
				SWIFT_OBJC_BRIDGING_HEADER = "Yahoo Weather/Yahoo Weather-Bridging-Header.h";
				SWIFT_OPTIMIZATION_LEVEL = "-Onone";
				SWIFT_VERSION = 4.0;
				TARGETED_DEVICE_FAMILY = "1,2";
			};
			name = Debug;
		};
		B260233720B61F2700322CEA /* Release */ = {
			isa = XCBuildConfiguration;
			buildSettings = {
				ASSETCATALOG_COMPILER_APPICON_NAME = AppIcon;
				CLANG_ENABLE_MODULES = YES;
				CODE_SIGN_STYLE = Automatic;
				INFOPLIST_FILE = "Yahoo Weather/Info.plist";
				LD_RUNPATH_SEARCH_PATHS = (
					"$(inherited)",
					"@executable_path/Frameworks",
				);
				PRODUCT_BUNDLE_IDENTIFIER = "pt.luis.Yahoo-Weather";
				PRODUCT_NAME = "$(TARGET_NAME)";
				SWIFT_OBJC_BRIDGING_HEADER = "Yahoo Weather/Yahoo Weather-Bridging-Header.h";
				SWIFT_VERSION = 4.0;
				TARGETED_DEVICE_FAMILY = "1,2";
			};
			name = Release;
		};
		B260233920B61F2800322CEA /* Debug */ = {
			isa = XCBuildConfiguration;
			buildSettings = {
				ALWAYS_EMBED_SWIFT_STANDARD_LIBRARIES = YES;
				BUNDLE_LOADER = "$(TEST_HOST)";
				CODE_SIGN_STYLE = Automatic;
				INFOPLIST_FILE = "Yahoo WeatherTests/Info.plist";
				LD_RUNPATH_SEARCH_PATHS = (
					"$(inherited)",
					"@executable_path/Frameworks",
					"@loader_path/Frameworks",
				);
				PRODUCT_BUNDLE_IDENTIFIER = "pt.luis.Yahoo-WeatherTests";
				PRODUCT_NAME = "$(TARGET_NAME)";
				SWIFT_VERSION = 4.0;
				TARGETED_DEVICE_FAMILY = "1,2";
				TEST_HOST = "$(BUILT_PRODUCTS_DIR)/Yahoo Weather.app/Yahoo Weather";
			};
			name = Debug;
		};
		B260233A20B61F2800322CEA /* Release */ = {
			isa = XCBuildConfiguration;
			buildSettings = {
				ALWAYS_EMBED_SWIFT_STANDARD_LIBRARIES = YES;
				BUNDLE_LOADER = "$(TEST_HOST)";
				CODE_SIGN_STYLE = Automatic;
				INFOPLIST_FILE = "Yahoo WeatherTests/Info.plist";
				LD_RUNPATH_SEARCH_PATHS = (
					"$(inherited)",
					"@executable_path/Frameworks",
					"@loader_path/Frameworks",
				);
				PRODUCT_BUNDLE_IDENTIFIER = "pt.luis.Yahoo-WeatherTests";
				PRODUCT_NAME = "$(TARGET_NAME)";
				SWIFT_VERSION = 4.0;
				TARGETED_DEVICE_FAMILY = "1,2";
				TEST_HOST = "$(BUILT_PRODUCTS_DIR)/Yahoo Weather.app/Yahoo Weather";
			};
			name = Release;
		};
/* End XCBuildConfiguration section */

/* Begin XCConfigurationList section */
		B260231320B61F2500322CEA /* Build configuration list for PBXProject "Yahoo Weather" */ = {
			isa = XCConfigurationList;
			buildConfigurations = (
				B260233320B61F2700322CEA /* Debug */,
				B260233420B61F2700322CEA /* Release */,
			);
			defaultConfigurationIsVisible = 0;
			defaultConfigurationName = Release;
		};
		B260233520B61F2700322CEA /* Build configuration list for PBXNativeTarget "Yahoo Weather" */ = {
			isa = XCConfigurationList;
			buildConfigurations = (
				B260233620B61F2700322CEA /* Debug */,
				B260233720B61F2700322CEA /* Release */,
			);
			defaultConfigurationIsVisible = 0;
			defaultConfigurationName = Release;
		};
		B260233820B61F2800322CEA /* Build configuration list for PBXNativeTarget "Yahoo WeatherTests" */ = {
			isa = XCConfigurationList;
			buildConfigurations = (
				B260233920B61F2800322CEA /* Debug */,
				B260233A20B61F2800322CEA /* Release */,
			);
			defaultConfigurationIsVisible = 0;
			defaultConfigurationName = Release;
		};
/* End XCConfigurationList section */
	};
	rootObject = B260231020B61F2500322CEA /* Project object */;
}
